// !$*UTF8*$!
{
	archiveVersion = 1;
	classes = {
	};
	objectVersion = 50;
	objects = {

/* Begin PBXBuildFile section */
		90088EF320AC93B000B817E5 /* UIImagePickerController+DeviceOrientation.swift in Sources */ = {isa = PBXBuildFile; fileRef = 90088EF220AC93B000B817E5 /* UIImagePickerController+DeviceOrientation.swift */; };
		9015874920AC2B770024B7DA /* AppDelegate.swift in Sources */ = {isa = PBXBuildFile; fileRef = 9015874820AC2B770024B7DA /* AppDelegate.swift */; };
		9015874B20AC2B770024B7DA /* ViewController.swift in Sources */ = {isa = PBXBuildFile; fileRef = 9015874A20AC2B770024B7DA /* ViewController.swift */; };
		9015874E20AC2B770024B7DA /* Main.storyboard in Resources */ = {isa = PBXBuildFile; fileRef = 9015874C20AC2B770024B7DA /* Main.storyboard */; };
		9015875020AC2B780024B7DA /* Assets.xcassets in Resources */ = {isa = PBXBuildFile; fileRef = 9015874F20AC2B780024B7DA /* Assets.xcassets */; };
		9015875320AC2B780024B7DA /* LaunchScreen.storyboard in Resources */ = {isa = PBXBuildFile; fileRef = 9015875120AC2B780024B7DA /* LaunchScreen.storyboard */; };
		9015875C20AC39FA0024B7DA /* Delm-Medium.otf in Resources */ = {isa = PBXBuildFile; fileRef = 9015875A20AC39FA0024B7DA /* Delm-Medium.otf */; };
		9015875D20AC39FA0024B7DA /* ThirstySoftRegular.otf in Resources */ = {isa = PBXBuildFile; fileRef = 9015875B20AC39FA0024B7DA /* ThirstySoftRegular.otf */; };
/* End PBXBuildFile section */

/* Begin PBXFileReference section */
		90088EF220AC93B000B817E5 /* UIImagePickerController+DeviceOrientation.swift */ = {isa = PBXFileReference; lastKnownFileType = sourcecode.swift; path = "UIImagePickerController+DeviceOrientation.swift"; sourceTree = "<group>"; };
		9015874520AC2B770024B7DA /* Instagrid.app */ = {isa = PBXFileReference; explicitFileType = wrapper.application; includeInIndex = 0; path = Instagrid.app; sourceTree = BUILT_PRODUCTS_DIR; };
		9015874820AC2B770024B7DA /* AppDelegate.swift */ = {isa = PBXFileReference; lastKnownFileType = sourcecode.swift; path = AppDelegate.swift; sourceTree = "<group>"; };
		9015874A20AC2B770024B7DA /* ViewController.swift */ = {isa = PBXFileReference; lastKnownFileType = sourcecode.swift; path = ViewController.swift; sourceTree = "<group>"; };
		9015874D20AC2B770024B7DA /* Base */ = {isa = PBXFileReference; lastKnownFileType = file.storyboard; name = Base; path = Base.lproj/Main.storyboard; sourceTree = "<group>"; };
		9015874F20AC2B780024B7DA /* Assets.xcassets */ = {isa = PBXFileReference; lastKnownFileType = folder.assetcatalog; path = Assets.xcassets; sourceTree = "<group>"; };
		9015875220AC2B780024B7DA /* Base */ = {isa = PBXFileReference; lastKnownFileType = file.storyboard; name = Base; path = Base.lproj/LaunchScreen.storyboard; sourceTree = "<group>"; };
		9015875A20AC39FA0024B7DA /* Delm-Medium.otf */ = {isa = PBXFileReference; lastKnownFileType = file; path = "Delm-Medium.otf"; sourceTree = "<group>"; };
		9015875B20AC39FA0024B7DA /* ThirstySoftRegular.otf */ = {isa = PBXFileReference; lastKnownFileType = file; path = ThirstySoftRegular.otf; sourceTree = "<group>"; };
		90E5AE1A20AC7DF0003A69E4 /* Info.plist */ = {isa = PBXFileReference; fileEncoding = 4; lastKnownFileType = text.plist.xml; path = Info.plist; sourceTree = "<group>"; };
/* End PBXFileReference section */

/* Begin PBXFrameworksBuildPhase section */
		9015874220AC2B770024B7DA /* Frameworks */ = {
			isa = PBXFrameworksBuildPhase;
			buildActionMask = 2147483647;
			files = (
			);
			runOnlyForDeploymentPostprocessing = 0;
		};
/* End PBXFrameworksBuildPhase section */

/* Begin PBXGroup section */
		90088EF420AC93D000B817E5 /* Extensions */ = {
			isa = PBXGroup;
			children = (
				90088EF220AC93B000B817E5 /* UIImagePickerController+DeviceOrientation.swift */,
			);
			name = Extensions;
			path = "New Group";
			sourceTree = "<group>";
		};
		9015873C20AC2B770024B7DA = {
			isa = PBXGroup;
			children = (
				9015874720AC2B770024B7DA /* Instagrid */,
				9015874620AC2B770024B7DA /* Products */,
			);
			sourceTree = "<group>";
		};
		9015874620AC2B770024B7DA /* Products */ = {
			isa = PBXGroup;
			children = (
				9015874520AC2B770024B7DA /* Instagrid.app */,
			);
			name = Products;
			sourceTree = "<group>";
		};
		9015874720AC2B770024B7DA /* Instagrid */ = {
			isa = PBXGroup;
			children = (
				90088EF420AC93D000B817E5 /* Extensions */,
				90E5AE1A20AC7DF0003A69E4 /* Info.plist */,
				90FEBB3A20AC7961004BAFAD /* Controller */,
				90FEBB3B20AC7971004BAFAD /* View */,
				90FEBB3C20AC7990004BAFAD /* Supporting Files */,
			);
			path = Instagrid;
			sourceTree = "<group>";
		};
		90FEBB3A20AC7961004BAFAD /* Controller */ = {
			isa = PBXGroup;
			children = (
				9015874A20AC2B770024B7DA /* ViewController.swift */,
			);
			path = Controller;
			sourceTree = "<group>";
		};
		90FEBB3B20AC7971004BAFAD /* View */ = {
			isa = PBXGroup;
			children = (
				9015874C20AC2B770024B7DA /* Main.storyboard */,
			);
			path = View;
			sourceTree = "<group>";
		};
		90FEBB3C20AC7990004BAFAD /* Supporting Files */ = {
			isa = PBXGroup;
			children = (
				9015874820AC2B770024B7DA /* AppDelegate.swift */,
				9015874F20AC2B780024B7DA /* Assets.xcassets */,
				9015875120AC2B780024B7DA /* LaunchScreen.storyboard */,
				9015875A20AC39FA0024B7DA /* Delm-Medium.otf */,
				9015875B20AC39FA0024B7DA /* ThirstySoftRegular.otf */,
			);
			path = "Supporting Files";
			sourceTree = "<group>";
		};
/* End PBXGroup section */

/* Begin PBXNativeTarget section */
		9015874420AC2B770024B7DA /* Instagrid */ = {
			isa = PBXNativeTarget;
			buildConfigurationList = 9015875720AC2B780024B7DA /* Build configuration list for PBXNativeTarget "Instagrid" */;
			buildPhases = (
				9015874120AC2B770024B7DA /* Sources */,
				9015874220AC2B770024B7DA /* Frameworks */,
				9015874320AC2B770024B7DA /* Resources */,
			);
			buildRules = (
			);
			dependencies = (
			);
			name = Instagrid;
			productName = Instagrid;
			productReference = 9015874520AC2B770024B7DA /* Instagrid.app */;
			productType = "com.apple.product-type.application";
		};
/* End PBXNativeTarget section */

/* Begin PBXProject section */
		9015873D20AC2B770024B7DA /* Project object */ = {
			isa = PBXProject;
			attributes = {
				LastSwiftUpdateCheck = 0930;
				LastUpgradeCheck = 0930;
				ORGANIZATIONNAME = Morgan;
				TargetAttributes = {
					9015874420AC2B770024B7DA = {
						CreatedOnToolsVersion = 9.3.1;
					};
				};
			};
			buildConfigurationList = 9015874020AC2B770024B7DA /* Build configuration list for PBXProject "Instagrid" */;
			compatibilityVersion = "Xcode 9.3";
			developmentRegion = en;
			hasScannedForEncodings = 0;
			knownRegions = (
				en,
				Base,
			);
			mainGroup = 9015873C20AC2B770024B7DA;
			productRefGroup = 9015874620AC2B770024B7DA /* Products */;
			projectDirPath = "";
			projectRoot = "";
			targets = (
				9015874420AC2B770024B7DA /* Instagrid */,
			);
		};
/* End PBXProject section */

/* Begin PBXResourcesBuildPhase section */
		9015874320AC2B770024B7DA /* Resources */ = {
			isa = PBXResourcesBuildPhase;
			buildActionMask = 2147483647;
			files = (
				9015875320AC2B780024B7DA /* LaunchScreen.storyboard in Resources */,
				9015875020AC2B780024B7DA /* Assets.xcassets in Resources */,
				9015875D20AC39FA0024B7DA /* ThirstySoftRegular.otf in Resources */,
				9015875C20AC39FA0024B7DA /* Delm-Medium.otf in Resources */,
				9015874E20AC2B770024B7DA /* Main.storyboard in Resources */,
			);
			runOnlyForDeploymentPostprocessing = 0;
		};
/* End PBXResourcesBuildPhase section */

/* Begin PBXSourcesBuildPhase section */
		9015874120AC2B770024B7DA /* Sources */ = {
			isa = PBXSourcesBuildPhase;
			buildActionMask = 2147483647;
			files = (
				9015874B20AC2B770024B7DA /* ViewController.swift in Sources */,
				90088EF320AC93B000B817E5 /* UIImagePickerController+DeviceOrientation.swift in Sources */,
				9015874920AC2B770024B7DA /* AppDelegate.swift in Sources */,
			);
			runOnlyForDeploymentPostprocessing = 0;
		};
/* End PBXSourcesBuildPhase section */

/* Begin PBXVariantGroup section */
		9015874C20AC2B770024B7DA /* Main.storyboard */ = {
			isa = PBXVariantGroup;
			children = (
				9015874D20AC2B770024B7DA /* Base */,
			);
			name = Main.storyboard;
			sourceTree = "<group>";
		};
		9015875120AC2B780024B7DA /* LaunchScreen.storyboard */ = {
			isa = PBXVariantGroup;
			children = (
				9015875220AC2B780024B7DA /* Base */,
			);
			name = LaunchScreen.storyboard;
			sourceTree = "<group>";
		};
/* End PBXVariantGroup section */

/* Begin XCBuildConfiguration section */
		9015875520AC2B780024B7DA /* Debug */ = {
			isa = XCBuildConfiguration;
			buildSettings = {
				ALWAYS_SEARCH_USER_PATHS = NO;
				CLANG_ANALYZER_NONNULL = YES;
				CLANG_ANALYZER_NUMBER_OBJECT_CONVERSION = YES_AGGRESSIVE;
				CLANG_CXX_LANGUAGE_STANDARD = "gnu++14";
				CLANG_CXX_LIBRARY = "libc++";
				CLANG_ENABLE_MODULES = YES;
				CLANG_ENABLE_OBJC_ARC = YES;
				CLANG_ENABLE_OBJC_WEAK = YES;
				CLANG_WARN_BLOCK_CAPTURE_AUTORELEASING = YES;
				CLANG_WARN_BOOL_CONVERSION = YES;
				CLANG_WARN_COMMA = YES;
				CLANG_WARN_CONSTANT_CONVERSION = YES;
				CLANG_WARN_DEPRECATED_OBJC_IMPLEMENTATIONS = YES;
				CLANG_WARN_DIRECT_OBJC_ISA_USAGE = YES_ERROR;
				CLANG_WARN_DOCUMENTATION_COMMENTS = YES;
				CLANG_WARN_EMPTY_BODY = YES;
				CLANG_WARN_ENUM_CONVERSION = YES;
				CLANG_WARN_INFINITE_RECURSION = YES;
				CLANG_WARN_INT_CONVERSION = YES;
				CLANG_WARN_NON_LITERAL_NULL_CONVERSION = YES;
				CLANG_WARN_OBJC_IMPLICIT_RETAIN_SELF = YES;
				CLANG_WARN_OBJC_LITERAL_CONVERSION = YES;
				CLANG_WARN_OBJC_ROOT_CLASS = YES_ERROR;
				CLANG_WARN_RANGE_LOOP_ANALYSIS = YES;
				CLANG_WARN_STRICT_PROTOTYPES = YES;
				CLANG_WARN_SUSPICIOUS_MOVE = YES;
				CLANG_WARN_UNGUARDED_AVAILABILITY = YES_AGGRESSIVE;
				CLANG_WARN_UNREACHABLE_CODE = YES;
				CLANG_WARN__DUPLICATE_METHOD_MATCH = YES;
				CODE_SIGN_IDENTITY = "iPhone Developer";
				COPY_PHASE_STRIP = NO;
				DEBUG_INFORMATION_FORMAT = dwarf;
				ENABLE_STRICT_OBJC_MSGSEND = YES;
				ENABLE_TESTABILITY = YES;
				GCC_C_LANGUAGE_STANDARD = gnu11;
				GCC_DYNAMIC_NO_PIC = NO;
				GCC_NO_COMMON_BLOCKS = YES;
				GCC_OPTIMIZATION_LEVEL = 0;
				GCC_PREPROCESSOR_DEFINITIONS = (
					"DEBUG=1",
					"$(inherited)",
				);
				GCC_WARN_64_TO_32_BIT_CONVERSION = YES;
				GCC_WARN_ABOUT_RETURN_TYPE = YES_ERROR;
				GCC_WARN_UNDECLARED_SELECTOR = YES;
				GCC_WARN_UNINITIALIZED_AUTOS = YES_AGGRESSIVE;
				GCC_WARN_UNUSED_FUNCTION = YES;
				GCC_WARN_UNUSED_VARIABLE = YES;
				IPHONEOS_DEPLOYMENT_TARGET = 11.3;
				MTL_ENABLE_DEBUG_INFO = YES;
				ONLY_ACTIVE_ARCH = YES;
				SDKROOT = iphoneos;
				SWIFT_ACTIVE_COMPILATION_CONDITIONS = DEBUG;
				SWIFT_OPTIMIZATION_LEVEL = "-Onone";
			};
			name = Debug;
		};
		9015875620AC2B780024B7DA /* Release */ = {
			isa = XCBuildConfiguration;
			buildSettings = {
				ALWAYS_SEARCH_USER_PATHS = NO;
				CLANG_ANALYZER_NONNULL = YES;
				CLANG_ANALYZER_NUMBER_OBJECT_CONVERSION = YES_AGGRESSIVE;
				CLANG_CXX_LANGUAGE_STANDARD = "gnu++14";
				CLANG_CXX_LIBRARY = "libc++";
				CLANG_ENABLE_MODULES = YES;
				CLANG_ENABLE_OBJC_ARC = YES;
				CLANG_ENABLE_OBJC_WEAK = YES;
				CLANG_WARN_BLOCK_CAPTURE_AUTORELEASING = YES;
				CLANG_WARN_BOOL_CONVERSION = YES;
				CLANG_WARN_COMMA = YES;
				CLANG_WARN_CONSTANT_CONVERSION = YES;
				CLANG_WARN_DEPRECATED_OBJC_IMPLEMENTATIONS = YES;
				CLANG_WARN_DIRECT_OBJC_ISA_USAGE = YES_ERROR;
				CLANG_WARN_DOCUMENTATION_COMMENTS = YES;
				CLANG_WARN_EMPTY_BODY = YES;
				CLANG_WARN_ENUM_CONVERSION = YES;
				CLANG_WARN_INFINITE_RECURSION = YES;
				CLANG_WARN_INT_CONVERSION = YES;
				CLANG_WARN_NON_LITERAL_NULL_CONVERSION = YES;
				CLANG_WARN_OBJC_IMPLICIT_RETAIN_SELF = YES;
				CLANG_WARN_OBJC_LITERAL_CONVERSION = YES;
				CLANG_WARN_OBJC_ROOT_CLASS = YES_ERROR;
				CLANG_WARN_RANGE_LOOP_ANALYSIS = YES;
				CLANG_WARN_STRICT_PROTOTYPES = YES;
				CLANG_WARN_SUSPICIOUS_MOVE = YES;
				CLANG_WARN_UNGUARDED_AVAILABILITY = YES_AGGRESSIVE;
				CLANG_WARN_UNREACHABLE_CODE = YES;
				CLANG_WARN__DUPLICATE_METHOD_MATCH = YES;
				CODE_SIGN_IDENTITY = "iPhone Developer";
				COPY_PHASE_STRIP = NO;
				DEBUG_INFORMATION_FORMAT = "dwarf-with-dsym";
				ENABLE_NS_ASSERTIONS = NO;
				ENABLE_STRICT_OBJC_MSGSEND = YES;
				GCC_C_LANGUAGE_STANDARD = gnu11;
				GCC_NO_COMMON_BLOCKS = YES;
				GCC_WARN_64_TO_32_BIT_CONVERSION = YES;
				GCC_WARN_ABOUT_RETURN_TYPE = YES_ERROR;
				GCC_WARN_UNDECLARED_SELECTOR = YES;
				GCC_WARN_UNINITIALIZED_AUTOS = YES_AGGRESSIVE;
				GCC_WARN_UNUSED_FUNCTION = YES;
				GCC_WARN_UNUSED_VARIABLE = YES;
				IPHONEOS_DEPLOYMENT_TARGET = 11.3;
				MTL_ENABLE_DEBUG_INFO = NO;
				SDKROOT = iphoneos;
				SWIFT_COMPILATION_MODE = wholemodule;
				SWIFT_OPTIMIZATION_LEVEL = "-O";
				VALIDATE_PRODUCT = YES;
			};
			name = Release;
		};
		9015875820AC2B780024B7DA /* Debug */ = {
			isa = XCBuildConfiguration;
			buildSettings = {
				ASSETCATALOG_COMPILER_APPICON_NAME = AppIcon;
				CODE_SIGN_STYLE = Automatic;
				DEVELOPMENT_TEAM = 9T22T3H63N;
				INFOPLIST_FILE = Instagrid/Info.plist;
				LD_RUNPATH_SEARCH_PATHS = (
					"$(inherited)",
					"@executable_path/Frameworks",
				);
				PRODUCT_BUNDLE_IDENTIFIER = fr.t8lv4.Instagrid;
				PRODUCT_NAME = "$(TARGET_NAME)";
				SWIFT_VERSION = 4.0;
				TARGETED_DEVICE_FAMILY = 1;
			};
			name = Debug;
		};
		9015875920AC2B780024B7DA /* Release */ = {
			isa = XCBuildConfiguration;
			buildSettings = {
				ASSETCATALOG_COMPILER_APPICON_NAME = AppIcon;
				CODE_SIGN_STYLE = Automatic;
				DEVELOPMENT_TEAM = 9T22T3H63N;
				INFOPLIST_FILE = Instagrid/Info.plist;
				LD_RUNPATH_SEARCH_PATHS = (
					"$(inherited)",
					"@executable_path/Frameworks",
				);
				PRODUCT_BUNDLE_IDENTIFIER = fr.t8lv4.Instagrid;
				PRODUCT_NAME = "$(TARGET_NAME)";
				SWIFT_VERSION = 4.0;
				TARGETED_DEVICE_FAMILY = 1;
			};
			name = Release;
		};
/* End XCBuildConfiguration section */

/* Begin XCConfigurationList section */
		9015874020AC2B770024B7DA /* Build configuration list for PBXProject "Instagrid" */ = {
			isa = XCConfigurationList;
			buildConfigurations = (
				9015875520AC2B780024B7DA /* Debug */,
				9015875620AC2B780024B7DA /* Release */,
			);
			defaultConfigurationIsVisible = 0;
			defaultConfigurationName = Release;
		};
		9015875720AC2B780024B7DA /* Build configuration list for PBXNativeTarget "Instagrid" */ = {
			isa = XCConfigurationList;
			buildConfigurations = (
				9015875820AC2B780024B7DA /* Debug */,
				9015875920AC2B780024B7DA /* Release */,
			);
			defaultConfigurationIsVisible = 0;
			defaultConfigurationName = Release;
		};
/* End XCConfigurationList section */
	};
	rootObject = 9015873D20AC2B770024B7DA /* Project object */;
}
